
Microsoft Visual Studio Solution File, Format Version 12.00
Project("{FAE04EC0-301F-11D3-BF4B-00C04F79EFBC}") = "Leetcode75Questions", "Leetcode75Questions\Leetcode75Questions.csproj", "{D2E667B0-9448-4CE5-A540-5BE7306F2A1D}"
EndProject
Project("{FAE04EC0-301F-11D3-BF4B-00C04F79EFBC}") = "LeetCode75.UnitTests", "LeetCode75.UnitTests\LeetCode75.UnitTests.csproj", "{EC71A35D-E90E-408C-AF4F-96452CB8A3BC}"
EndProject
Global
	GlobalSection(SolutionConfigurationPlatforms) = preSolution
		Debug|Any CPU = Debug|Any CPU
		Release|Any CPU = Release|Any CPU
	EndGlobalSection
	GlobalSection(ProjectConfigurationPlatforms) = postSolution
		{D2E667B0-9448-4CE5-A540-5BE7306F2A1D}.Debug|Any CPU.ActiveCfg = Debug|Any CPU
		{D2E667B0-9448-4CE5-A540-5BE7306F2A1D}.Debug|Any CPU.Build.0 = Debug|Any CPU
		{D2E667B0-9448-4CE5-A540-5BE7306F2A1D}.Release|Any CPU.ActiveCfg = Release|Any CPU
		{D2E667B0-9448-4CE5-A540-5BE7306F2A1D}.Release|Any CPU.Build.0 = Release|Any CPU
		{EC71A35D-E90E-408C-AF4F-96452CB8A3BC}.Debug|Any CPU.ActiveCfg = Debug|Any CPU
		{EC71A35D-E90E-408C-AF4F-96452CB8A3BC}.Debug|Any CPU.Build.0 = Debug|Any CPU
		{EC71A35D-E90E-408C-AF4F-96452CB8A3BC}.Release|Any CPU.ActiveCfg = Release|Any CPU
		{EC71A35D-E90E-408C-AF4F-96452CB8A3BC}.Release|Any CPU.Build.0 = Release|Any CPU
	EndGlobalSection
EndGlobal
